
Microsoft Visual Studio Solution File, Format Version 12.00
# Visual Studio Version 17
VisualStudioVersion = 17.5.33502.453
MinimumVisualStudioVersion = 10.0.40219.1
Project("{FAE04EC0-301F-11D3-BF4B-00C04F79EFBC}") = "Macro101_OpenM16", "Macro101_OpenM16\Macro101_OpenM16.csproj", "{7BF2BEDF-CBDD-40C4-8FBB-78C82FFA92A1}"
EndProject
Global
	GlobalSection(SolutionConfigurationPlatforms) = preSolution
		Debug|Any CPU = Debug|Any CPU
		Release|Any CPU = Release|Any CPU
	EndGlobalSection
	GlobalSection(ProjectConfigurationPlatforms) = postSolution
		{7BF2BEDF-CBDD-40C4-8FBB-78C82FFA92A1}.Debug|Any CPU.ActiveCfg = Debug|Any CPU
		{7BF2BEDF-CBDD-40C4-8FBB-78C82FFA92A1}.Debug|Any CPU.Build.0 = Debug|Any CPU
		{7BF2BEDF-CBDD-40C4-8FBB-78C82FFA92A1}.Release|Any CPU.ActiveCfg = Release|Any CPU
		{7BF2BEDF-CBDD-40C4-8FBB-78C82FFA92A1}.Release|Any CPU.Build.0 = Release|Any CPU
	EndGlobalSection
	GlobalSection(SolutionProperties) = preSolution
		HideSolutionNode = FALSE
	EndGlobalSection
	GlobalSection(ExtensibilityGlobals) = postSolution
		SolutionGuid = {CA418377-64D3-491F-B40C-0F108D9AD496}
	EndGlobalSection
EndGlobal
